<?xml version="1.0" encoding="utf-8"?>
<Project ToolsVersion="4.0" xmlns="http://schemas.microsoft.com/developer/msbuild/2003">
  <ItemGroup>
    <ClCompile Include="Core\AssetManager\AssetManager.cpp" />
    <ClCompile Include="Core\EngineCore.cpp" />
    <ClCompile Include="Core\Graphics\BoundingVolume.cpp" />
    <ClCompile Include="Core\Graphics\GraphicsSystem.cpp" />
    <ClCompile Include="Core\Graphics\Mesh.cpp" />
    <ClCompile Include="Core\Graphics\Model.cpp" />
    <ClCompile Include="Core\Graphics\Object.cpp" />
    <ClCompile Include="Core\Graphics\Shader.cpp" />
    <ClCompile Include="Core\GSM\GameStateMachine.cpp" />
    <ClCompile Include="Core\Input\Input.cpp" />
    <ClCompile Include="Core\Windows\WindowManager.cpp" />
    <ClCompile Include="Core\Serialization\Serialization.cpp" />
    <ClCompile Include="Core\Physics\PhysicsSystem.cpp" />
    <ClCompile Include="Core\SceneManager\SceneManager.cpp" />
    <ClCompile Include="Core\Audio\AudioSystem.cpp" />
    <ClCompile Include="Core\Logic\LogicSystem.cpp" />
    <ClCompile Include="Core\AssetManager\Sprite.cpp" />
    <ClCompile Include="Core\ResourceManager\ResourceManager.cpp" />
    <ClCompile Include="Core\Graphics\FontSystem.cpp" />
    <ClCompile Include="Core\AssetManager\Compressonator.cpp" />
    <ClCompile Include="Core\Level Manager\LevelManager.cpp" />
    <ClCompile Include="Core\ECS\pch.cpp" />
    <ClCompile Include="Core\Physics\CollisionSystem.cpp" />
    <ClCompile Include="Core\Reflection\ReflectionManager.cpp" />
    <ClCompile Include="Utilities\Components\TransformComponent.cpp" />
    <ClCompile Include="Utilities\Components\GraphicsComponent.cpp" />
    <ClCompile Include="Utilities\Components\MetaData.cpp" />
    <ClCompile Include="Utilities\Components\AudioComponent.cpp" />
    <ClCompile Include="Utilities\Components\BehaviourComponent.cpp" />
    <ClCompile Include="Core\Animation\Animation.cpp" />
    <ClCompile Include="Core\Animation\AnimationManager.cpp" />
    <ClCompile Include="Utilities\Components\CameraComponent.cpp" />
  </ItemGroup>
  <ItemGroup>
    <ClInclude Include="Core\ECS\ComponentArray.hpp" />
    <ClInclude Include="Core\ECS\ComponentManager.hpp" />
    <ClInclude Include="Core\ECS\Coordinator.hpp" />
    <ClInclude Include="Core\ECS\EntityManager.hpp" />
    <ClInclude Include="Core\ECS\pch.h" />
    <ClInclude Include="Core\ECS\System.hpp" />
    <ClInclude Include="Core\ECS\SystemManager.hpp" />
    <ClInclude Include="Core\EngineCore.h" />
    <ClInclude Include="Core\Graphics\BoundingVolume.h" />
    <ClInclude Include="Core\Graphics\GraphicsSystem.h" />
    <ClInclude Include="Core\Graphics\Mesh.h" />
    <ClInclude Include="Core\Graphics\Model.h" />
    <ClInclude Include="Core\Graphics\Object.h" />
    <ClInclude Include="Core\Graphics\Shader.h" />
    <ClInclude Include="Core\GSM\GameStateMachine.h" />
    <ClInclude Include="Core\Input\Input.h" />
    <ClInclude Include="Core\Windows\WindowManager.h" />
    <ClInclude Include="Utilities\Components\GraphicsComponent.hpp" />
    <ClInclude Include="Utilities\Components\MetaData.hpp" />
    <ClInclude Include="Utilities\Components\TransformComponent.hpp" />
    <ClInclude Include="Core\Serialization\Serialization.h" />
    <ClInclude Include="Core\Physics\PhysicsSystem.h" />
    <ClInclude Include="Core\SceneManager\SceneManager.h" />
    <ClInclude Include="Core\Audio\AudioSystem.h" />
    <ClInclude Include="Utilities\Components\AudioComponent.hpp" />
    <ClInclude Include="Core\Logic\LogicSystem.h" />
    <ClInclude Include="Core\Logic\Behaviour.h" />
    <ClInclude Include="Core\AssetManager\AssetManager.h" />
    <ClInclude Include="Core\AssetManager\Sprite.h" />
    <ClInclude Include="Core\ResourceManager\ResourceManager.h" />
    <ClInclude Include="Core\Graphics\FontSystem.h" />
    <ClInclude Include="Core\AssetManager\Compressonator.h" />
    <ClInclude Include="Core\Logic\BehaviourInterface.h" />
    <ClInclude Include="Core\Logic\Script_to_Engine.h" />
    <ClInclude Include="Core\Level Manager\Level.h" />
    <ClInclude Include="Core\Level Manager\LevelManager.h" />
    <ClInclude Include="Core\AssetManager\FilePaths.h" />
    <ClInclude Include="Core\Physics\CollisionSystem.h" />
    <ClInclude Include="Utilities\Components\CollisionComponent.hpp" />
    <ClInclude Include="Core\Reflection\ReflectionManager.hpp" />
    <ClInclude Include="Core\Animation\Animation.h" />
    <ClInclude Include="Core\Animation\AnimationManager.h" />
    <ClInclude Include="Utilities\Components\BehaviourComponent.hpp" />
    <ClInclude Include="Core\ECS\ArchetypeManager.hpp" />
    <ClInclude Include="Utilities\Components\CameraComponent.hpp" />
  </ItemGroup>
  <ItemGroup>
    <None Include="Assets\Shaders\Shader2D.frag" />
    <None Include="Assets\Shaders\Shader2D.vert" />
    <None Include="Assets\Shaders\Shader3D.frag" />
    <None Include="Assets\Shaders\Shader3D.vert" />
    <None Include="Assets\Scenes\engine_state.json" />
    <None Include="Saves\engine_state.json" />
    <None Include="Assets\Shaders\Font.frag" />
    <None Include="Assets\Shaders\Font.vert" />
  </ItemGroup>
</Project>