<?xml version="1.0" encoding="utf-8"?>
<Project ToolsVersion="17.0" xmlns="http://schemas.microsoft.com/developer/msbuild/2003">
  <ItemGroup>
    <ClCompile Include="C:\Users\angus\OneDrive\Documents\GitHub\Boof-Woof\lib\compressonator-master\cmp_framework\common\half\half.cpp">
      <Filter>Source Files</Filter>
    </ClCompile>
    <ClCompile Include="C:\Users\angus\OneDrive\Documents\GitHub\Boof-Woof\lib\compressonator-master\applications\_plugins\cimage\dds\dds.cpp">
      <Filter>Source Files</Filter>
    </ClCompile>
    <ClCompile Include="C:\Users\angus\OneDrive\Documents\GitHub\Boof-Woof\lib\compressonator-master\applications\_plugins\cimage\dds\dds_dx10.cpp">
      <Filter>Source Files</Filter>
    </ClCompile>
    <ClCompile Include="C:\Users\angus\OneDrive\Documents\GitHub\Boof-Woof\lib\compressonator-master\applications\_plugins\cimage\dds\dds_file.cpp">
      <Filter>Source Files</Filter>
    </ClCompile>
    <ClCompile Include="C:\Users\angus\OneDrive\Documents\GitHub\Boof-Woof\lib\compressonator-master\applications\_plugins\cimage\dds\dds_helpers.cpp">
      <Filter>Source Files</Filter>
    </ClCompile>
    <ClCompile Include="C:\Users\angus\OneDrive\Documents\GitHub\Boof-Woof\lib\compressonator-master\applications\_plugins\ccmp_encode\hpc\ccpu_hpc.cpp">
      <Filter>Source Files</Filter>
    </ClCompile>
    <ClCompile Include="C:\Users\angus\OneDrive\Documents\GitHub\Boof-Woof\lib\compressonator-master\applications\_plugins\ccmp_encode\hpc\cmp_hpc.cpp">
      <Filter>Source Files</Filter>
    </ClCompile>
    <ClCompile Include="C:\Users\angus\OneDrive\Documents\GitHub\Boof-Woof\lib\compressonator-master\applications\_plugins\ccmp_encode\hpc\compute_cpu_hpc.cpp">
      <Filter>Source Files</Filter>
    </ClCompile>
    <ClCompile Include="C:\Users\angus\OneDrive\Documents\GitHub\Boof-Woof\lib\compressonator-master\cmp_framework\common\cmp_boxfilter.cpp">
      <Filter>Source Files</Filter>
    </ClCompile>
    <ClCompile Include="C:\Users\angus\OneDrive\Documents\GitHub\Boof-Woof\lib\compressonator-master\cmp_framework\common\cmp_mips.cpp">
      <Filter>Source Files</Filter>
    </ClCompile>
    <ClCompile Include="C:\Users\angus\OneDrive\Documents\GitHub\Boof-Woof\lib\compressonator-master\cmp_framework\common\hdr_encode.cpp">
      <Filter>Source Files</Filter>
    </ClCompile>
    <ClCompile Include="C:\Users\angus\OneDrive\Documents\GitHub\Boof-Woof\lib\compressonator-master\cmp_framework\compute_base.cpp">
      <Filter>Source Files</Filter>
    </ClCompile>
    <ClCompile Include="C:\Users\angus\OneDrive\Documents\GitHub\Boof-Woof\lib\compressonator-master\applications\_libs\cmp_math\cmp_math_common.cpp">
      <Filter>Source Files</Filter>
    </ClCompile>
    <ClCompile Include="C:\Users\angus\OneDrive\Documents\GitHub\Boof-Woof\lib\compressonator-master\applications\_libs\cmp_math\cpu_extensions.cpp">
      <Filter>Source Files</Filter>
    </ClCompile>
    <ClCompile Include="C:\Users\angus\OneDrive\Documents\GitHub\Boof-Woof\lib\compressonator-master\applications\_plugins\common\atiformats.cpp">
      <Filter>Source Files</Filter>
    </ClCompile>
    <ClCompile Include="C:\Users\angus\OneDrive\Documents\GitHub\Boof-Woof\lib\compressonator-master\applications\_plugins\common\pluginmanager.cpp">
      <Filter>Source Files</Filter>
    </ClCompile>
    <ClCompile Include="C:\Users\angus\OneDrive\Documents\GitHub\Boof-Woof\lib\compressonator-master\applications\_plugins\common\cpu_timing.cpp">
      <Filter>Source Files</Filter>
    </ClCompile>
    <ClCompile Include="C:\Users\angus\OneDrive\Documents\GitHub\Boof-Woof\lib\compressonator-master\applications\_plugins\common\tc_plugininternal.cpp">
      <Filter>Source Files</Filter>
    </ClCompile>
    <ClCompile Include="C:\Users\angus\OneDrive\Documents\GitHub\Boof-Woof\lib\compressonator-master\applications\_plugins\common\utilfuncs.cpp">
      <Filter>Source Files</Filter>
    </ClCompile>
    <ClCompile Include="C:\Users\angus\OneDrive\Documents\GitHub\Boof-Woof\lib\compressonator-master\applications\_plugins\common\cmp_fileio.cpp">
      <Filter>Source Files</Filter>
    </ClCompile>
    <ClCompile Include="C:\Users\angus\OneDrive\Documents\GitHub\Boof-Woof\lib\compressonator-master\applications\_plugins\common\format_conversion.cpp">
      <Filter>Source Files</Filter>
    </ClCompile>
    <ClCompile Include="C:\Users\angus\OneDrive\Documents\GitHub\Boof-Woof\lib\compressonator-master\applications\_plugins\ccmp_sdk\bcn.cpp">
      <Filter>Source Files</Filter>
    </ClCompile>
    <ClCompile Include="C:\Users\angus\OneDrive\Documents\GitHub\Boof-Woof\lib\compressonator-master\applications\_plugins\ccmp_sdk\bc1\bc1.cpp">
      <Filter>Source Files</Filter>
    </ClCompile>
    <ClCompile Include="C:\Users\angus\OneDrive\Documents\GitHub\Boof-Woof\lib\compressonator-master\applications\_plugins\ccmp_sdk\bc2\bc2.cpp">
      <Filter>Source Files</Filter>
    </ClCompile>
    <ClCompile Include="C:\Users\angus\OneDrive\Documents\GitHub\Boof-Woof\lib\compressonator-master\applications\_plugins\ccmp_sdk\bc3\bc3.cpp">
      <Filter>Source Files</Filter>
    </ClCompile>
    <ClCompile Include="C:\Users\angus\OneDrive\Documents\GitHub\Boof-Woof\lib\compressonator-master\applications\_plugins\ccmp_sdk\bc4\bc4.cpp">
      <Filter>Source Files</Filter>
    </ClCompile>
    <ClCompile Include="C:\Users\angus\OneDrive\Documents\GitHub\Boof-Woof\lib\compressonator-master\applications\_plugins\ccmp_sdk\bc5\bc5.cpp">
      <Filter>Source Files</Filter>
    </ClCompile>
    <ClCompile Include="C:\Users\angus\OneDrive\Documents\GitHub\Boof-Woof\lib\compressonator-master\applications\_plugins\ccmp_sdk\bc6\bc6h.cpp">
      <Filter>Source Files</Filter>
    </ClCompile>
    <ClCompile Include="C:\Users\angus\OneDrive\Documents\GitHub\Boof-Woof\lib\compressonator-master\applications\_plugins\ccmp_sdk\bc7\bc7.cpp">
      <Filter>Source Files</Filter>
    </ClCompile>
  </ItemGroup>
  <ItemGroup>
    <ClInclude Include="C:\Users\angus\OneDrive\Documents\GitHub\Boof-Woof\lib\compressonator-master\cmp_framework\common\half\elut.h">
      <Filter>Header Files</Filter>
    </ClInclude>
    <ClInclude Include="C:\Users\angus\OneDrive\Documents\GitHub\Boof-Woof\lib\compressonator-master\cmp_framework\common\half\half.h">
      <Filter>Header Files</Filter>
    </ClInclude>
    <ClInclude Include="C:\Users\angus\OneDrive\Documents\GitHub\Boof-Woof\lib\compressonator-master\cmp_framework\common\half\halfexport.h">
      <Filter>Header Files</Filter>
    </ClInclude>
    <ClInclude Include="C:\Users\angus\OneDrive\Documents\GitHub\Boof-Woof\lib\compressonator-master\cmp_framework\common\half\halffunction.h">
      <Filter>Header Files</Filter>
    </ClInclude>
    <ClInclude Include="C:\Users\angus\OneDrive\Documents\GitHub\Boof-Woof\lib\compressonator-master\cmp_framework\common\half\halflimits.h">
      <Filter>Header Files</Filter>
    </ClInclude>
    <ClInclude Include="C:\Users\angus\OneDrive\Documents\GitHub\Boof-Woof\lib\compressonator-master\cmp_framework\common\half\tofloat.h">
      <Filter>Header Files</Filter>
    </ClInclude>
    <ClInclude Include="C:\Users\angus\OneDrive\Documents\GitHub\Boof-Woof\lib\compressonator-master\applications\_plugins\cimage\dds\dds.h">
      <Filter>Header Files</Filter>
    </ClInclude>
    <ClInclude Include="C:\Users\angus\OneDrive\Documents\GitHub\Boof-Woof\lib\compressonator-master\applications\_plugins\cimage\dds\dds_dx10.h">
      <Filter>Header Files</Filter>
    </ClInclude>
    <ClInclude Include="C:\Users\angus\OneDrive\Documents\GitHub\Boof-Woof\lib\compressonator-master\applications\_plugins\cimage\dds\dds_file.h">
      <Filter>Header Files</Filter>
    </ClInclude>
    <ClInclude Include="C:\Users\angus\OneDrive\Documents\GitHub\Boof-Woof\lib\compressonator-master\applications\_plugins\cimage\dds\dds_helpers.h">
      <Filter>Header Files</Filter>
    </ClInclude>
    <ClInclude Include="C:\Users\angus\OneDrive\Documents\GitHub\Boof-Woof\lib\compressonator-master\applications\_plugins\ccmp_encode\hpc\ccpu_hpc.h">
      <Filter>Header Files</Filter>
    </ClInclude>
    <ClInclude Include="C:\Users\angus\OneDrive\Documents\GitHub\Boof-Woof\lib\compressonator-master\applications\_plugins\ccmp_encode\hpc\cmp_hpc.h">
      <Filter>Header Files</Filter>
    </ClInclude>
    <ClInclude Include="C:\Users\angus\OneDrive\Documents\GitHub\Boof-Woof\lib\compressonator-master\applications\_plugins\ccmp_encode\hpc\compute_cpu_hpc.h">
      <Filter>Header Files</Filter>
    </ClInclude>
    <ClInclude Include="C:\Users\angus\OneDrive\Documents\GitHub\Boof-Woof\lib\compressonator-master\cmp_framework\common\cmp_boxfilter.h">
      <Filter>Header Files</Filter>
    </ClInclude>
    <ClInclude Include="C:\Users\angus\OneDrive\Documents\GitHub\Boof-Woof\lib\compressonator-master\cmp_framework\common\cmp_mips.h">
      <Filter>Header Files</Filter>
    </ClInclude>
    <ClInclude Include="C:\Users\angus\OneDrive\Documents\GitHub\Boof-Woof\lib\compressonator-master\cmp_framework\common\hdr_encode.h">
      <Filter>Header Files</Filter>
    </ClInclude>
    <ClInclude Include="C:\Users\angus\OneDrive\Documents\GitHub\Boof-Woof\lib\compressonator-master\cmp_framework\common\mathmacros.h">
      <Filter>Header Files</Filter>
    </ClInclude>
    <ClInclude Include="C:\Users\angus\OneDrive\Documents\GitHub\Boof-Woof\lib\compressonator-master\cmp_framework\compute_base.h">
      <Filter>Header Files</Filter>
    </ClInclude>
    <ClInclude Include="C:\Users\angus\OneDrive\Documents\GitHub\Boof-Woof\lib\compressonator-master\applications\_libs\cmp_math\cmp_math_common.h">
      <Filter>Header Files</Filter>
    </ClInclude>
    <ClInclude Include="C:\Users\angus\OneDrive\Documents\GitHub\Boof-Woof\lib\compressonator-master\applications\_libs\cmp_math\cpu_extensions.h">
      <Filter>Header Files</Filter>
    </ClInclude>
    <ClInclude Include="C:\Users\angus\OneDrive\Documents\GitHub\Boof-Woof\lib\compressonator-master\applications\_plugins\common\atiformats.h">
      <Filter>Header Files</Filter>
    </ClInclude>
    <ClInclude Include="C:\Users\angus\OneDrive\Documents\GitHub\Boof-Woof\lib\compressonator-master\applications\_plugins\common\pluginbase.h">
      <Filter>Header Files</Filter>
    </ClInclude>
    <ClInclude Include="C:\Users\angus\OneDrive\Documents\GitHub\Boof-Woof\lib\compressonator-master\applications\_plugins\common\plugininterface.h">
      <Filter>Header Files</Filter>
    </ClInclude>
    <ClInclude Include="C:\Users\angus\OneDrive\Documents\GitHub\Boof-Woof\lib\compressonator-master\applications\_plugins\common\pluginmanager.h">
      <Filter>Header Files</Filter>
    </ClInclude>
    <ClInclude Include="C:\Users\angus\OneDrive\Documents\GitHub\Boof-Woof\lib\compressonator-master\applications\_plugins\common\cpu_timing.h">
      <Filter>Header Files</Filter>
    </ClInclude>
    <ClInclude Include="C:\Users\angus\OneDrive\Documents\GitHub\Boof-Woof\lib\compressonator-master\applications\_plugins\common\tc_pluginapi.h">
      <Filter>Header Files</Filter>
    </ClInclude>
    <ClInclude Include="C:\Users\angus\OneDrive\Documents\GitHub\Boof-Woof\lib\compressonator-master\applications\_plugins\common\tc_plugininternal.h">
      <Filter>Header Files</Filter>
    </ClInclude>
    <ClInclude Include="C:\Users\angus\OneDrive\Documents\GitHub\Boof-Woof\lib\compressonator-master\applications\_plugins\common\utilfuncs.h">
      <Filter>Header Files</Filter>
    </ClInclude>
    <ClInclude Include="C:\Users\angus\OneDrive\Documents\GitHub\Boof-Woof\lib\compressonator-master\applications\_plugins\common\cmp_fileio.h">
      <Filter>Header Files</Filter>
    </ClInclude>
    <ClInclude Include="C:\Users\angus\OneDrive\Documents\GitHub\Boof-Woof\lib\compressonator-master\applications\_plugins\common\format_conversion.h">
      <Filter>Header Files</Filter>
    </ClInclude>
    <ClInclude Include="C:\Users\angus\OneDrive\Documents\GitHub\Boof-Woof\lib\compressonator-master\applications\_plugins\ccmp_sdk\bcn.h">
      <Filter>Header Files</Filter>
    </ClInclude>
    <ClInclude Include="C:\Users\angus\OneDrive\Documents\GitHub\Boof-Woof\lib\compressonator-master\applications\_plugins\ccmp_sdk\bc1\bc1.h">
      <Filter>Header Files</Filter>
    </ClInclude>
    <ClInclude Include="C:\Users\angus\OneDrive\Documents\GitHub\Boof-Woof\lib\compressonator-master\applications\_plugins\ccmp_sdk\bc2\bc2.h">
      <Filter>Header Files</Filter>
    </ClInclude>
    <ClInclude Include="C:\Users\angus\OneDrive\Documents\GitHub\Boof-Woof\lib\compressonator-master\applications\_plugins\ccmp_sdk\bc3\bc3.h">
      <Filter>Header Files</Filter>
    </ClInclude>
    <ClInclude Include="C:\Users\angus\OneDrive\Documents\GitHub\Boof-Woof\lib\compressonator-master\applications\_plugins\ccmp_sdk\bc4\bc4.h">
      <Filter>Header Files</Filter>
    </ClInclude>
    <ClInclude Include="C:\Users\angus\OneDrive\Documents\GitHub\Boof-Woof\lib\compressonator-master\applications\_plugins\ccmp_sdk\bc5\bc5.h">
      <Filter>Header Files</Filter>
    </ClInclude>
    <ClInclude Include="C:\Users\angus\OneDrive\Documents\GitHub\Boof-Woof\lib\compressonator-master\applications\_plugins\ccmp_sdk\bc6\bc6h.h">
      <Filter>Header Files</Filter>
    </ClInclude>
    <ClInclude Include="C:\Users\angus\OneDrive\Documents\GitHub\Boof-Woof\lib\compressonator-master\applications\_plugins\ccmp_sdk\bc7\bc7.h">
      <Filter>Header Files</Filter>
    </ClInclude>
    <ClInclude Include="C:\Users\angus\OneDrive\Documents\GitHub\Boof-Woof\lib\compressonator-master\external\stb\stb_image.h">
      <Filter>Header Files</Filter>
    </ClInclude>
    <ClInclude Include="C:\Users\angus\OneDrive\Documents\GitHub\Boof-Woof\lib\compressonator-master\external\stb\stb_image_write.h">
      <Filter>Header Files</Filter>
    </ClInclude>
  </ItemGroup>
  <ItemGroup>
    <CustomBuild Include="C:\Users\angus\OneDrive\Documents\GitHub\Boof-Woof\lib\compressonator-master\build\sdk\cmp_framework\CMakeLists.txt" />
  </ItemGroup>
  <ItemGroup>
    <Filter Include="Header Files">
      <UniqueIdentifier>{ED818FB3-7403-3AB5-88B5-0DD4C8CA4FBF}</UniqueIdentifier>
    </Filter>
    <Filter Include="Source Files">
      <UniqueIdentifier>{912E0167-6202-33F9-B820-2F734BF80B20}</UniqueIdentifier>
    </Filter>
  </ItemGroup>
</Project>
