<?xml version="1.0" encoding="utf-8"?>
<Project ToolsVersion="4.0" xmlns="http://schemas.microsoft.com/developer/msbuild/2003">
  <ItemGroup>
    <Filter Include="Source Files">
      <UniqueIdentifier>{4FC737F1-C7A5-4376-A066-2A32D752A2FF}</UniqueIdentifier>
      <Extensions>cpp;c;cc;cxx;c++;cppm;ixx;def;odl;idl;hpj;bat;asm;asmx</Extensions>
    </Filter>
    <Filter Include="Header Files">
      <UniqueIdentifier>{93995380-89BD-4b04-88EB-625FBE52EBFB}</UniqueIdentifier>
      <Extensions>h;hh;hpp;hxx;h++;hm;inl;inc;ipp;xsd</Extensions>
    </Filter>
    <Filter Include="Resource Files">
      <UniqueIdentifier>{67DA6AB6-F800-4c08-8B7A-83BB121AAD01}</UniqueIdentifier>
      <Extensions>rc;ico;cur;bmp;dlg;rc2;rct;bin;rgs;gif;jpg;jpeg;jpe;resx;tiff;tif;png;wav;mfcribbon-ms</Extensions>
    </Filter>
  </ItemGroup>
  <ItemGroup>
    <ClCompile Include="GameMain.cpp">
      <Filter>Source Files</Filter>
    </ClCompile>
    <ClCompile Include="Systems\BoneCatcher\BoneCatcher.cpp">
      <Filter>Source Files</Filter>
    </ClCompile>
    <ClCompile Include="Systems\CameraController\CameraController.cpp">
      <Filter>Source Files</Filter>
    </ClCompile>
    <ClCompile Include="Systems\RopeBreaker\RopeBreaker.cpp">
      <Filter>Source Files</Filter>
    </ClCompile>
    <ClCompile Include="Systems\ChangeText\ChangeText.cpp">
      <Filter>Source Files</Filter>
    </ClCompile>
    <ClCompile Include="Systems\Checklist\Checklist.cpp">
      <Filter>Source Files</Filter>
    </ClCompile>
    <ClCompile Include="Systems\PauseScreen\PauseScreen.cpp">
      <Filter>Source Files</Filter>
    </ClCompile>
    <ClCompile Include="Systems\Dialogue\Dialogue.cpp">
      <Filter>Source Files</Filter>
    </ClCompile>
    <ClCompile Include="Systems\SmellAvoidance\SmellAvoidance.cpp">
      <Filter>Source Files</Filter>
    </ClCompile>
  </ItemGroup>
  <ItemGroup>
    <ClInclude Include="Game Levels\Splashscreen.h">
      <Filter>Header Files</Filter>
    </ClInclude>
    <ClInclude Include="Game Levels\MainMenu.h">
      <Filter>Header Files</Filter>
    </ClInclude>
    <ClInclude Include="Game Levels\StartingRoom.h">
      <Filter>Header Files</Filter>
    </ClInclude>
    <ClInclude Include="Systems\BoneCatcher\BoneCatcher.h">
      <Filter>Header Files</Filter>
    </ClInclude>
    <ClInclude Include="Systems\CameraController\CameraController.h">
      <Filter>Header Files</Filter>
    </ClInclude>
    <ClInclude Include="Systems\RopeBreaker\RopeBreaker.h">
      <Filter>Header Files</Filter>
    </ClInclude>
    <ClInclude Include="Game Levels\Cutscene.h">
      <Filter>Header Files</Filter>
    </ClInclude>
    <ClInclude Include="Game Levels\TimeRush.h">
      <Filter>Header Files</Filter>
    </ClInclude>
    <ClInclude Include="Systems\ChangeText\ChangeText.h">
      <Filter>Header Files</Filter>
    </ClInclude>
    <ClInclude Include="Systems\Checklist\Checklist.h">
      <Filter>Header Files</Filter>
    </ClInclude>
    <ClInclude Include="Game Levels\MainHall.h">
      <Filter>Header Files</Filter>
    </ClInclude>
    <ClInclude Include="resource.h">
      <Filter>Header Files</Filter>
    </ClInclude>
    <ClInclude Include="Systems\PauseScreen\PauseScreen.h">
      <Filter>Header Files</Filter>
    </ClInclude>
    <ClInclude Include="Game Levels\LoadingLevel.h">
      <Filter>Header Files</Filter>
    </ClInclude>
    <ClInclude Include="Systems\Dialogue\Dialogue.h">
      <Filter>Header Files</Filter>
    </ClInclude>
    <ClInclude Include="Game Levels\CutsceneEnd.h">
      <Filter>Header Files</Filter>
    </ClInclude>
    <ClInclude Include="Game Levels\TYVM.h">
      <Filter>Header Files</Filter>
    </ClInclude>
    <ClInclude Include="Systems\SmellAvoidance\SmellAvoidance.h">
      <Filter>Header Files</Filter>
    </ClInclude>
  </ItemGroup>
  <ItemGroup>
    <ResourceCompile Include="Game.rc">
      <Filter>Resource Files</Filter>
    </ResourceCompile>
  </ItemGroup>
  <ItemGroup>
    <Image Include="..\BoofWoof\Assets\PawsieAdventureIcon.ico">
      <Filter>Resource Files</Filter>
    </Image>
  </ItemGroup>
</Project>