<?xml version="1.0" encoding="utf-8"?>
<Project ToolsVersion="17.0" xmlns="http://schemas.microsoft.com/developer/msbuild/2003">
  <ItemGroup>
    <CustomBuild Include="C:\Users\User\Documents\GitHub\Boof-Woof\lib\gli-master\GLI_Library\CMakeFiles\52079cf8c9904d9a1a8537e94d402970\INSTALL_force.rule">
      <Filter>CMake Rules</Filter>
    </CustomBuild>
  </ItemGroup>
  <ItemGroup>
    <Filter Include="CMake Rules">
      <UniqueIdentifier>{B833F3DC-6720-3CC8-951F-73778E959532}</UniqueIdentifier>
    </Filter>
  </ItemGroup>
</Project>
