<?xml version="1.0" encoding="utf-8"?>
<Project ToolsVersion="17.0" xmlns="http://schemas.microsoft.com/developer/msbuild/2003">
  <ItemGroup>
    <ClCompile Include="C:\Users\angus\OneDrive\Documents\GitHub\Boof-Woof\lib\compressonator-master\cmp_core\source\core_simd_sse.cpp">
      <Filter>Source Files</Filter>
    </ClCompile>
  </ItemGroup>
  <ItemGroup>
    <CustomBuild Include="C:\Users\angus\OneDrive\Documents\GitHub\Boof-Woof\lib\compressonator-master\build\sdk\cmp_core\CMakeLists.txt" />
  </ItemGroup>
  <ItemGroup>
    <Filter Include="Source Files">
      <UniqueIdentifier>{912E0167-6202-33F9-B820-2F734BF80B20}</UniqueIdentifier>
    </Filter>
  </ItemGroup>
</Project>
